PODS:
  - AppDynamicsAgent (45.1.1164)

DEPENDENCIES:
  - AppDynamicsAgent

SPEC REPOS:
  https://github.com/cocoapods/specs.git:
    - AppDynamicsAgent

SPEC CHECKSUMS:
  AppDynamicsAgent: bab115604332288830428bfc1d4f62fd2f073003

PODFILE CHECKSUM: 6c01473a7b52fa67cdc2f9858e0f567fafd7bbd5

COCOAPODS: 1.5.3
